Microsoft Visual Studio Solution File, Format Version 12.00
# Visual Studio 2013
VisualStudioVersion = 12.0.30723.0
MinimumVisualStudioVersion = 10.0.40219.1
Project("{F184B08F-C81C-45F6-A57F-5ABD9991F28F}") = "TestCalculatedFieldSummary", "TestCalculatedFieldSummary\TestCalculatedFieldSummary.vbproj", "{F6668032-8D77-47DF-9F0F-1C101982E7D0}"
EndProject
Global
	GlobalSection(SolutionConfigurationPlatforms) = preSolution
		Debug|Any CPU = Debug|Any CPU
		Release|Any CPU = Release|Any CPU
	EndGlobalSection
	GlobalSection(ProjectConfigurationPlatforms) = postSolution
		{F6668032-8D77-47DF-9F0F-1C101982E7D0}.Debug|Any CPU.ActiveCfg = Debug|Any CPU
		{F6668032-8D77-47DF-9F0F-1C101982E7D0}.Debug|Any CPU.Build.0 = Debug|Any CPU
		{F6668032-8D77-47DF-9F0F-1C101982E7D0}.Release|Any CPU.ActiveCfg = Release|Any CPU
		{F6668032-8D77-47DF-9F0F-1C101982E7D0}.Release|Any CPU.Build.0 = Release|Any CPU
	EndGlobalSection
	GlobalSection(SolutionProperties) = preSolution
		HideSolutionNode = FALSE
	EndGlobalSection
EndGlobal
